# This file is automatically @generated by Cargo.
# It is not intended for manual editing.
version = 4

[[package]]
name = "dowel-build"
version = "0.0.1"
dependencies = [
 "dowel-eval",
 "dowel-model",
 "dowel-store",
 "dowel-support",
 "dowel-syntax",
]

[[package]]
name = "dowel-cli"
version = "0.0.1"
dependencies = [
 "dowel-build",
 "dowel-eval",
 "dowel-lsp",
 "dowel-model",
 "dowel-store",
 "dowel-support",
 "dowel-syntax",
]

[[package]]
name = "dowel-eval"
version = "0.0.1"
dependencies = [
 "dowel-support",
 "dowel-syntax",
]

[[package]]
name = "dowel-lsp"
version = "0.0.1"
dependencies = [
 "dowel-build",
 "dowel-eval",
 "dowel-model",
 "dowel-query",
 "dowel-support",
 "dowel-syntax",
]

[[package]]
name = "dowel-model"
version = "0.0.1"
dependencies = [
 "dowel-eval",
 "dowel-query",
 "dowel-store",
 "dowel-support",
 "dowel-syntax",
]

[[package]]
name = "dowel-query"
version = "0.0.1"
dependencies = [
 "dowel-support",
]

[[package]]
name = "dowel-store"
version = "0.0.1"
dependencies = [
 "dowel-support",
]

[[package]]
name = "dowel-support"
version = "0.0.1"

[[package]]
name = "dowel-syntax"
version = "0.0.1"
dependencies = [
 "dowel-support",
]

[[package]]
name = "dowel-up"
version = "0.1.0"
